
Microsoft Visual Studio Solution File, Format Version 12.00
# Visual Studio 15
VisualStudioVersion = 15.0.27703.2042
MinimumVisualStudioVersion = 10.0.40219.1
Project("{8BC9CEB8-8B4A-11D0-8D11-00A0C91BC942}") = "mp3_to_mem", "mp3_to_mem\mp3_to_mem.vcxproj", "{4B74FC1D-385C-4B6E-AE20-D60219EF1CDE}"
EndProject
Global
	GlobalSection(SolutionConfigurationPlatforms) = preSolution
		Debug|x64 = Debug|x64
		Debug|x86 = Debug|x86
		Release|x64 = Release|x64
		Release|x86 = Release|x86
	EndGlobalSection
	GlobalSection(ProjectConfigurationPlatforms) = postSolution
		{4B74FC1D-385C-4B6E-AE20-D60219EF1CDE}.Debug|x64.ActiveCfg = Debug|x64
		{4B74FC1D-385C-4B6E-AE20-D60219EF1CDE}.Debug|x64.Build.0 = Debug|x64
		{4B74FC1D-385C-4B6E-AE20-D60219EF1CDE}.Debug|x86.ActiveCfg = Debug|Win32
		{4B74FC1D-385C-4B6E-AE20-D60219EF1CDE}.Debug|x86.Build.0 = Debug|Win32
		{4B74FC1D-385C-4B6E-AE20-D60219EF1CDE}.Release|x64.ActiveCfg = Release|x64
		{4B74FC1D-385C-4B6E-AE20-D60219EF1CDE}.Release|x64.Build.0 = Release|x64
		{4B74FC1D-385C-4B6E-AE20-D60219EF1CDE}.Release|x86.ActiveCfg = Release|Win32
		{4B74FC1D-385C-4B6E-AE20-D60219EF1CDE}.Release|x86.Build.0 = Release|Win32
	EndGlobalSection
	GlobalSection(SolutionProperties) = preSolution
		HideSolutionNode = FALSE
	EndGlobalSection
	GlobalSection(ExtensibilityGlobals) = postSolution
		SolutionGuid = {F879DEA1-7016-4ECB-B432-067B3DE1BD38}
	EndGlobalSection
EndGlobal
